
Microsoft Visual Studio Solution File, Format Version 12.00
# Visual Studio Version 16
VisualStudioVersion = 16.0.30711.63
MinimumVisualStudioVersion = 10.0.40219.1
Project("{FAE04EC0-301F-11D3-BF4B-00C04F79EFBC}") = "GridCollisionDemo", "GridCollisionDemo.csproj", "{FCF4C13A-146D-49DC-B6EB-F9208E82D1AB}"
EndProject
Global
	GlobalSection(SolutionConfigurationPlatforms) = preSolution
		Debug|Any CPU = Debug|Any CPU
		Release|Any CPU = Release|Any CPU
	EndGlobalSection
	GlobalSection(ProjectConfigurationPlatforms) = postSolution
		{FCF4C13A-146D-49DC-B6EB-F9208E82D1AB}.Debug|Any CPU.ActiveCfg = Debug|Any CPU
		{FCF4C13A-146D-49DC-B6EB-F9208E82D1AB}.Debug|Any CPU.Build.0 = Debug|Any CPU
		{FCF4C13A-146D-49DC-B6EB-F9208E82D1AB}.Release|Any CPU.ActiveCfg = Release|Any CPU
		{FCF4C13A-146D-49DC-B6EB-F9208E82D1AB}.Release|Any CPU.Build.0 = Release|Any CPU
	EndGlobalSection
	GlobalSection(SolutionProperties) = preSolution
		HideSolutionNode = FALSE
	EndGlobalSection
	GlobalSection(ExtensibilityGlobals) = postSolution
		SolutionGuid = {DC941392-494B-4DE7-A67B-AD73ED2BF226}
	EndGlobalSection
EndGlobal
